
Microsoft Visual Studio Solution File, Format Version 12.00
# Visual Studio Version 17
VisualStudioVersion = 17.8.34511.84
MinimumVisualStudioVersion = 10.0.40219.1
Project("{FAE04EC0-301F-11D3-BF4B-00C04F79EFBC}") = "ControlVersiones", "ControlVersiones\ControlVersiones.csproj", "{195AC5E5-F799-462D-8CEE-DEB6E35ED683}"
EndProject
Global
	GlobalSection(SolutionConfigurationPlatforms) = preSolution
		Debug|Any CPU = Debug|Any CPU
		Release|Any CPU = Release|Any CPU
	EndGlobalSection
	GlobalSection(ProjectConfigurationPlatforms) = postSolution
		{195AC5E5-F799-462D-8CEE-DEB6E35ED683}.Debug|Any CPU.ActiveCfg = Debug|Any CPU
		{195AC5E5-F799-462D-8CEE-DEB6E35ED683}.Debug|Any CPU.Build.0 = Debug|Any CPU
		{195AC5E5-F799-462D-8CEE-DEB6E35ED683}.Release|Any CPU.ActiveCfg = Release|Any CPU
		{195AC5E5-F799-462D-8CEE-DEB6E35ED683}.Release|Any CPU.Build.0 = Release|Any CPU
	EndGlobalSection
	GlobalSection(SolutionProperties) = preSolution
		HideSolutionNode = FALSE
	EndGlobalSection
	GlobalSection(ExtensibilityGlobals) = postSolution
		SolutionGuid = {8817E518-6255-4DDB-BD49-4C4227CACDC7}
	EndGlobalSection
EndGlobal
